{
  "object": {
    "pins": [
      {
        "package": "SDWebImage",
        "repositoryURL": "https://github.com/hxperl/SDWebImage.git",
        "state": {
          "branch": "master",
          "revision": "fdb441df05cdd677bf13b7eed8a4fe9ad142c8ff",
          "version": null
        }
      }
    ]
  },
  "version": 1
}
